
Microsoft Visual Studio Solution File, Format Version 12.00
# Visual Studio Version 16
VisualStudioVersion = 16.0.28803.352
MinimumVisualStudioVersion = 10.0.40219.1
Project("{FAE04EC0-301F-11D3-BF4B-00C04F79EFBC}") = "AWS_SRP_AUTH", "AWS_SRP_AUTH\AWS_SRP_AUTH.csproj", "{A996EA9C-9A17-4A47-8307-DA15254A9921}"
EndProject
Global
	GlobalSection(SolutionConfigurationPlatforms) = preSolution
		Debug|Any CPU = Debug|Any CPU
		Release|Any CPU = Release|Any CPU
	EndGlobalSection
	GlobalSection(ProjectConfigurationPlatforms) = postSolution
		{A996EA9C-9A17-4A47-8307-DA15254A9921}.Debug|Any CPU.ActiveCfg = Debug|Any CPU
		{A996EA9C-9A17-4A47-8307-DA15254A9921}.Debug|Any CPU.Build.0 = Debug|Any CPU
		{A996EA9C-9A17-4A47-8307-DA15254A9921}.Release|Any CPU.ActiveCfg = Release|Any CPU
		{A996EA9C-9A17-4A47-8307-DA15254A9921}.Release|Any CPU.Build.0 = Release|Any CPU
	EndGlobalSection
	GlobalSection(SolutionProperties) = preSolution
		HideSolutionNode = FALSE
	EndGlobalSection
	GlobalSection(ExtensibilityGlobals) = postSolution
		SolutionGuid = {857DE37B-7AAE-4051-AE4A-0672AF8301EB}
	EndGlobalSection
EndGlobal
